// !$*UTF8*$!
{
	archiveVersion = 1;
	classes = {
	};
	objectVersion = 46;
	objects = {

/* Begin PBXBuildFile section */
		16434D58573A4E9E9451F2B5 /* libPods-IMMessageKitTests.a in Frameworks */ = {isa = PBXBuildFile; fileRef = D5E457A0E38626E49891264F /* libPods-IMMessageKitTests.a */; };
		20FB1BDD2D192D75DFC9F5AF /* libPods-IMMessageKitUITests.a in Frameworks */ = {isa = PBXBuildFile; fileRef = AA87795B6A4D08790FCC9F1D /* libPods-IMMessageKitUITests.a */; };
		540649B31EF00F8C00181C78 /* ChatTextCell.m in Sources */ = {isa = PBXBuildFile; fileRef = 540649B21EF00F8C00181C78 /* ChatTextCell.m */; };
		540649B61EF0126700181C78 /* ChatPhotoCell.m in Sources */ = {isa = PBXBuildFile; fileRef = 540649B51EF0126700181C78 /* ChatPhotoCell.m */; };
		540649F01EF0DA2C00181C78 /* IMMessageAnalysis.m in Sources */ = {isa = PBXBuildFile; fileRef = 540649EF1EF0DA2C00181C78 /* IMMessageAnalysis.m */; };
		540649F31EF0E91A00181C78 /* ChatVoiceCell.m in Sources */ = {isa = PBXBuildFile; fileRef = 540649F21EF0E91A00181C78 /* ChatVoiceCell.m */; };
		54064A3A1EF1502C00181C78 /* ZFKeyboardInputView.m in Sources */ = {isa = PBXBuildFile; fileRef = 54064A391EF1502C00181C78 /* ZFKeyboardInputView.m */; };
		54064A491EF262A600181C78 /* LXChatBoxFaceView.m in Sources */ = {isa = PBXBuildFile; fileRef = 54064A431EF262A600181C78 /* LXChatBoxFaceView.m */; };
		54064A4A1EF262A600181C78 /* LXChatBoxMoreView.m in Sources */ = {isa = PBXBuildFile; fileRef = 54064A461EF262A600181C78 /* LXChatBoxMoreView.m */; };
		54064A4B1EF262A600181C78 /* LXChatBoxMoreViewItem.m in Sources */ = {isa = PBXBuildFile; fileRef = 54064A481EF262A600181C78 /* LXChatBoxMoreViewItem.m */; };
		54064A4E1EF2630500181C78 /* LXEmotionListView.m in Sources */ = {isa = PBXBuildFile; fileRef = 54064A4D1EF2630500181C78 /* LXEmotionListView.m */; };
		54064A511EF2631C00181C78 /* LXChatBoxMenuView.m in Sources */ = {isa = PBXBuildFile; fileRef = 54064A501EF2631C00181C78 /* LXChatBoxMenuView.m */; };
		54064A571EF2636A00181C78 /* LXEmotionPageView.m in Sources */ = {isa = PBXBuildFile; fileRef = 54064A561EF2636A00181C78 /* LXEmotionPageView.m */; };
		54064A5A1EF2638B00181C78 /* LXEmotion.m in Sources */ = {isa = PBXBuildFile; fileRef = 54064A591EF2638B00181C78 /* LXEmotion.m */; };
		54064A5D1EF263A700181C78 /* LXEmotionButton.m in Sources */ = {isa = PBXBuildFile; fileRef = 54064A5C1EF263A700181C78 /* LXEmotionButton.m */; };
		54064A601EF263E300181C78 /* LXEmotionMenuButton.m in Sources */ = {isa = PBXBuildFile; fileRef = 54064A5F1EF263E300181C78 /* LXEmotionMenuButton.m */; };
		54064A651EF2642A00181C78 /* NSString+Extension.m in Sources */ = {isa = PBXBuildFile; fileRef = 54064A621EF2642A00181C78 /* NSString+Extension.m */; };
		54064A661EF2642A00181C78 /* UIImage+Extension.m in Sources */ = {isa = PBXBuildFile; fileRef = 54064A641EF2642A00181C78 /* UIImage+Extension.m */; };
		54064A691EF2653F00181C78 /* LXChatBoxConst.m in Sources */ = {isa = PBXBuildFile; fileRef = 54064A681EF2653F00181C78 /* LXChatBoxConst.m */; };
		54064A6C1EF2666B00181C78 /* LXEmotionManager.m in Sources */ = {isa = PBXBuildFile; fileRef = 54064A6B1EF2666B00181C78 /* LXEmotionManager.m */; };
		54064A701EF2676C00181C78 /* emoji.plist in Resources */ = {isa = PBXBuildFile; fileRef = 54064A6E1EF2676C00181C78 /* emoji.plist */; };
		54064A711EF2676C00181C78 /* normal_face.plist in Resources */ = {isa = PBXBuildFile; fileRef = 54064A6F1EF2676C00181C78 /* normal_face.plist */; };
		54064A741EF2794900181C78 /* ZFKeyboardViewController.m in Sources */ = {isa = PBXBuildFile; fileRef = 54064A731EF2794900181C78 /* ZFKeyboardViewController.m */; };
		54072ECC1EF0038600F42DC6 /* BaseChatTableViewCell.m in Sources */ = {isa = PBXBuildFile; fileRef = 54072ECB1EF0038600F42DC6 /* BaseChatTableViewCell.m */; };
		5460D3DC1EEFCBC100448ED3 /* main.m in Sources */ = {isa = PBXBuildFile; fileRef = 5460D3DB1EEFCBC100448ED3 /* main.m */; };
		5460D3DF1EEFCBC100448ED3 /* AppDelegate.m in Sources */ = {isa = PBXBuildFile; fileRef = 5460D3DE1EEFCBC100448ED3 /* AppDelegate.m */; };
		5460D3E51EEFCBC100448ED3 /* Main.storyboard in Resources */ = {isa = PBXBuildFile; fileRef = 5460D3E31EEFCBC100448ED3 /* Main.storyboard */; };
		5460D3E71EEFCBC100448ED3 /* Assets.xcassets in Resources */ = {isa = PBXBuildFile; fileRef = 5460D3E61EEFCBC100448ED3 /* Assets.xcassets */; };
		5460D3EA1EEFCBC100448ED3 /* LaunchScreen.storyboard in Resources */ = {isa = PBXBuildFile; fileRef = 5460D3E81EEFCBC100448ED3 /* LaunchScreen.storyboard */; };
		5460D3F51EEFCBC100448ED3 /* IMMessageKitTests.m in Sources */ = {isa = PBXBuildFile; fileRef = 5460D3F41EEFCBC100448ED3 /* IMMessageKitTests.m */; };
		5460D4001EEFCBC100448ED3 /* IMMessageKitUITests.m in Sources */ = {isa = PBXBuildFile; fileRef = 5460D3FF1EEFCBC100448ED3 /* IMMessageKitUITests.m */; };
		5460D4151EEFCCA800448ED3 /* TabbarViewController.m in Sources */ = {isa = PBXBuildFile; fileRef = 5460D4141EEFCCA800448ED3 /* TabbarViewController.m */; };
		5460D4181EEFCD1E00448ED3 /* BaseNavViewController.m in Sources */ = {isa = PBXBuildFile; fileRef = 5460D4171EEFCD1E00448ED3 /* BaseNavViewController.m */; };
		5460D42C1EEFD25D00448ED3 /* ChatViewController.m in Sources */ = {isa = PBXBuildFile; fileRef = 5460D4271EEFD25D00448ED3 /* ChatViewController.m */; };
		5460D42D1EEFD25D00448ED3 /* MessageListViewController.m in Sources */ = {isa = PBXBuildFile; fileRef = 5460D4291EEFD25D00448ED3 /* MessageListViewController.m */; };
		5460D4301EEFD36E00448ED3 /* ConversationModel.m in Sources */ = {isa = PBXBuildFile; fileRef = 5460D42F1EEFD36E00448ED3 /* ConversationModel.m */; };
		5460D4331EEFDA2200448ED3 /* ConversationTableViewCell.m in Sources */ = {isa = PBXBuildFile; fileRef = 5460D4321EEFDA2200448ED3 /* ConversationTableViewCell.m */; };
		5460D4361EEFDC3200448ED3 /* XZBaseTableViewCell.m in Sources */ = {isa = PBXBuildFile; fileRef = 5460D4351EEFDC3200448ED3 /* XZBaseTableViewCell.m */; };
		5460D43A1EEFDCEF00448ED3 /* UIView+Extension.m in Sources */ = {isa = PBXBuildFile; fileRef = 5460D4391EEFDCEF00448ED3 /* UIView+Extension.m */; };
		5460D43C1EEFE2AC00448ED3 /* mayun.jpg in Resources */ = {isa = PBXBuildFile; fileRef = 5460D43B1EEFE2AC00448ED3 /* mayun.jpg */; };
		5460D43F1EEFE99200448ED3 /* MessageModel.m in Sources */ = {isa = PBXBuildFile; fileRef = 5460D43E1EEFE99200448ED3 /* MessageModel.m */; };
		5460D4421EEFE9FB00448ED3 /* MessageItem.m in Sources */ = {isa = PBXBuildFile; fileRef = 5460D4411EEFE9FB00448ED3 /* MessageItem.m */; };
		6D6C8C7522E2321BEEEB15CD /* libPods-IMMessageKit.a in Frameworks */ = {isa = PBXBuildFile; fileRef = 8BEDD995E8BE1694C71C7AF7 /* libPods-IMMessageKit.a */; };
/* End PBXBuildFile section */

/* Begin PBXContainerItemProxy section */
		5460D3F11EEFCBC100448ED3 /* PBXContainerItemProxy */ = {
			isa = PBXContainerItemProxy;
			containerPortal = 5460D3CF1EEFCBC100448ED3 /* Project object */;
			proxyType = 1;
			remoteGlobalIDString = 5460D3D61EEFCBC100448ED3;
			remoteInfo = IMMessageKit;
		};
		5460D3FC1EEFCBC100448ED3 /* PBXContainerItemProxy */ = {
			isa = PBXContainerItemProxy;
			containerPortal = 5460D3CF1EEFCBC100448ED3 /* Project object */;
			proxyType = 1;
			remoteGlobalIDString = 5460D3D61EEFCBC100448ED3;
			remoteInfo = IMMessageKit;
		};
/* End PBXContainerItemProxy section */

/* Begin PBXFileReference section */
		152DDF35D32EF675908CDD26 /* Pods-IMMessageKit.debug.xcconfig */ = {isa = PBXFileReference; includeInIndex = 1; lastKnownFileType = text.xcconfig; name = "Pods-IMMessageKit.debug.xcconfig"; path = "Pods/Target Support Files/Pods-IMMessageKit/Pods-IMMessageKit.debug.xcconfig"; sourceTree = "<group>"; };
		2B7EE3820940C0DA65C3BD81 /* Pods-IMMessageKitTests.release.xcconfig */ = {isa = PBXFileReference; includeInIndex = 1; lastKnownFileType = text.xcconfig; name = "Pods-IMMessageKitTests.release.xcconfig"; path = "Pods/Target Support Files/Pods-IMMessageKitTests/Pods-IMMessageKitTests.release.xcconfig"; sourceTree = "<group>"; };
		4C266AD571ACEE00E94CD459 /* Pods-IMMessageKitUITests.debug.xcconfig */ = {isa = PBXFileReference; includeInIndex = 1; lastKnownFileType = text.xcconfig; name = "Pods-IMMessageKitUITests.debug.xcconfig"; path = "Pods/Target Support Files/Pods-IMMessageKitUITests/Pods-IMMessageKitUITests.debug.xcconfig"; sourceTree = "<group>"; };
		4CF32BB94A82A2DE13B2A6D0 /* Pods-IMMessageKitUITests.release.xcconfig */ = {isa = PBXFileReference; includeInIndex = 1; lastKnownFileType = text.xcconfig; name = "Pods-IMMessageKitUITests.release.xcconfig"; path = "Pods/Target Support Files/Pods-IMMessageKitUITests/Pods-IMMessageKitUITests.release.xcconfig"; sourceTree = "<group>"; };
		540649B11EF00F8C00181C78 /* ChatTextCell.h */ = {isa = PBXFileReference; fileEncoding = 4; lastKnownFileType = sourcecode.c.h; path = ChatTextCell.h; sourceTree = "<group>"; };
		540649B21EF00F8C00181C78 /* ChatTextCell.m */ = {isa = PBXFileReference; fileEncoding = 4; lastKnownFileType = sourcecode.c.objc; path = ChatTextCell.m; sourceTree = "<group>"; };
		540649B41EF0126700181C78 /* ChatPhotoCell.h */ = {isa = PBXFileReference; fileEncoding = 4; lastKnownFileType = sourcecode.c.h; path = ChatPhotoCell.h; sourceTree = "<group>"; };
		540649B51EF0126700181C78 /* ChatPhotoCell.m */ = {isa = PBXFileReference; fileEncoding = 4; lastKnownFileType = sourcecode.c.objc; path = ChatPhotoCell.m; sourceTree = "<group>"; };
		540649EE1EF0DA2C00181C78 /* IMMessageAnalysis.h */ = {isa = PBXFileReference; fileEncoding = 4; lastKnownFileType = sourcecode.c.h; path = IMMessageAnalysis.h; sourceTree = "<group>"; };
		540649EF1EF0DA2C00181C78 /* IMMessageAnalysis.m */ = {isa = PBXFileReference; fileEncoding = 4; lastKnownFileType = sourcecode.c.objc; path = IMMessageAnalysis.m; sourceTree = "<group>"; };
		540649F11EF0E91A00181C78 /* ChatVoiceCell.h */ = {isa = PBXFileReference; fileEncoding = 4; lastKnownFileType = sourcecode.c.h; path = ChatVoiceCell.h; sourceTree = "<group>"; };
		540649F21EF0E91A00181C78 /* ChatVoiceCell.m */ = {isa = PBXFileReference; fileEncoding = 4; lastKnownFileType = sourcecode.c.objc; path = ChatVoiceCell.m; sourceTree = "<group>"; };
		54064A181EF12E8100181C78 /* ChatConst.h */ = {isa = PBXFileReference; fileEncoding = 4; lastKnownFileType = sourcecode.c.h; path = ChatConst.h; sourceTree = "<group>"; };
		54064A381EF1502C00181C78 /* ZFKeyboardInputView.h */ = {isa = PBXFileReference; fileEncoding = 4; lastKnownFileType = sourcecode.c.h; path = ZFKeyboardInputView.h; sourceTree = "<group>"; };
		54064A391EF1502C00181C78 /* ZFKeyboardInputView.m */ = {isa = PBXFileReference; fileEncoding = 4; lastKnownFileType = sourcecode.c.objc; path = ZFKeyboardInputView.m; sourceTree = "<group>"; };
		54064A421EF262A600181C78 /* LXChatBoxFaceView.h */ = {isa = PBXFileReference; fileEncoding = 4; lastKnownFileType = sourcecode.c.h; path = LXChatBoxFaceView.h; sourceTree = "<group>"; };
		54064A431EF262A600181C78 /* LXChatBoxFaceView.m */ = {isa = PBXFileReference; fileEncoding = 4; lastKnownFileType = sourcecode.c.objc; path = LXChatBoxFaceView.m; sourceTree = "<group>"; };
		54064A451EF262A600181C78 /* LXChatBoxMoreView.h */ = {isa = PBXFileReference; fileEncoding = 4; lastKnownFileType = sourcecode.c.h; path = LXChatBoxMoreView.h; sourceTree = "<group>"; };
		54064A461EF262A600181C78 /* LXChatBoxMoreView.m */ = {isa = PBXFileReference; fileEncoding = 4; lastKnownFileType = sourcecode.c.objc; path = LXChatBoxMoreView.m; sourceTree = "<group>"; };
		54064A471EF262A600181C78 /* LXChatBoxMoreViewItem.h */ = {isa = PBXFileReference; fileEncoding = 4; lastKnownFileType = sourcecode.c.h; path = LXChatBoxMoreViewItem.h; sourceTree = "<group>"; };
		54064A481EF262A600181C78 /* LXChatBoxMoreViewItem.m */ = {isa = PBXFileReference; fileEncoding = 4; lastKnownFileType = sourcecode.c.objc; path = LXChatBoxMoreViewItem.m; sourceTree = "<group>"; };
		54064A4C1EF2630500181C78 /* LXEmotionListView.h */ = {isa = PBXFileReference; fileEncoding = 4; lastKnownFileType = sourcecode.c.h; path = LXEmotionListView.h; sourceTree = "<group>"; };
		54064A4D1EF2630500181C78 /* LXEmotionListView.m */ = {isa = PBXFileReference; fileEncoding = 4; lastKnownFileType = sourcecode.c.objc; path = LXEmotionListView.m; sourceTree = "<group>"; };
		54064A4F1EF2631C00181C78 /* LXChatBoxMenuView.h */ = {isa = PBXFileReference; fileEncoding = 4; lastKnownFileType = sourcecode.c.h; path = LXChatBoxMenuView.h; sourceTree = "<group>"; };
		54064A501EF2631C00181C78 /* LXChatBoxMenuView.m */ = {isa = PBXFileReference; fileEncoding = 4; lastKnownFileType = sourcecode.c.objc; path = LXChatBoxMenuView.m; sourceTree = "<group>"; };
		54064A551EF2636A00181C78 /* LXEmotionPageView.h */ = {isa = PBXFileReference; fileEncoding = 4; lastKnownFileType = sourcecode.c.h; path = LXEmotionPageView.h; sourceTree = "<group>"; };
		54064A561EF2636A00181C78 /* LXEmotionPageView.m */ = {isa = PBXFileReference; fileEncoding = 4; lastKnownFileType = sourcecode.c.objc; path = LXEmotionPageView.m; sourceTree = "<group>"; };
		54064A581EF2638B00181C78 /* LXEmotion.h */ = {isa = PBXFileReference; fileEncoding = 4; lastKnownFileType = sourcecode.c.h; path = LXEmotion.h; sourceTree = "<group>"; };
		54064A591EF2638B00181C78 /* LXEmotion.m */ = {isa = PBXFileReference; fileEncoding = 4; lastKnownFileType = sourcecode.c.objc; path = LXEmotion.m; sourceTree = "<group>"; };
		54064A5B1EF263A700181C78 /* LXEmotionButton.h */ = {isa = PBXFileReference; fileEncoding = 4; lastKnownFileType = sourcecode.c.h; path = LXEmotionButton.h; sourceTree = "<group>"; };
		54064A5C1EF263A700181C78 /* LXEmotionButton.m */ = {isa = PBXFileReference; fileEncoding = 4; lastKnownFileType = sourcecode.c.objc; path = LXEmotionButton.m; sourceTree = "<group>"; };
		54064A5E1EF263E300181C78 /* LXEmotionMenuButton.h */ = {isa = PBXFileReference; fileEncoding = 4; lastKnownFileType = sourcecode.c.h; path = LXEmotionMenuButton.h; sourceTree = "<group>"; };
		54064A5F1EF263E300181C78 /* LXEmotionMenuButton.m */ = {isa = PBXFileReference; fileEncoding = 4; lastKnownFileType = sourcecode.c.objc; path = LXEmotionMenuButton.m; sourceTree = "<group>"; };
		54064A611EF2642A00181C78 /* NSString+Extension.h */ = {isa = PBXFileReference; fileEncoding = 4; lastKnownFileType = sourcecode.c.h; path = "NSString+Extension.h"; sourceTree = "<group>"; };
		54064A621EF2642A00181C78 /* NSString+Extension.m */ = {isa = PBXFileReference; fileEncoding = 4; lastKnownFileType = sourcecode.c.objc; path = "NSString+Extension.m"; sourceTree = "<group>"; };
		54064A631EF2642A00181C78 /* UIImage+Extension.h */ = {isa = PBXFileReference; fileEncoding = 4; lastKnownFileType = sourcecode.c.h; path = "UIImage+Extension.h"; sourceTree = "<group>"; };
		54064A641EF2642A00181C78 /* UIImage+Extension.m */ = {isa = PBXFileReference; fileEncoding = 4; lastKnownFileType = sourcecode.c.objc; path = "UIImage+Extension.m"; sourceTree = "<group>"; };
		54064A671EF2653F00181C78 /* LXChatBoxConst.h */ = {isa = PBXFileReference; fileEncoding = 4; lastKnownFileType = sourcecode.c.h; path = LXChatBoxConst.h; sourceTree = "<group>"; };
		54064A681EF2653F00181C78 /* LXChatBoxConst.m */ = {isa = PBXFileReference; fileEncoding = 4; lastKnownFileType = sourcecode.c.objc; path = LXChatBoxConst.m; sourceTree = "<group>"; };
		54064A6A1EF2666B00181C78 /* LXEmotionManager.h */ = {isa = PBXFileReference; fileEncoding = 4; lastKnownFileType = sourcecode.c.h; path = LXEmotionManager.h; sourceTree = "<group>"; };
		54064A6B1EF2666B00181C78 /* LXEmotionManager.m */ = {isa = PBXFileReference; fileEncoding = 4; lastKnownFileType = sourcecode.c.objc; path = LXEmotionManager.m; sourceTree = "<group>"; };
		54064A6E1EF2676C00181C78 /* emoji.plist */ = {isa = PBXFileReference; fileEncoding = 4; lastKnownFileType = text.plist.xml; path = emoji.plist; sourceTree = "<group>"; };
		54064A6F1EF2676C00181C78 /* normal_face.plist */ = {isa = PBXFileReference; fileEncoding = 4; lastKnownFileType = text.plist.xml; path = normal_face.plist; sourceTree = "<group>"; };
		54064A721EF2794900181C78 /* ZFKeyboardViewController.h */ = {isa = PBXFileReference; fileEncoding = 4; lastKnownFileType = sourcecode.c.h; path = ZFKeyboardViewController.h; sourceTree = "<group>"; };
		54064A731EF2794900181C78 /* ZFKeyboardViewController.m */ = {isa = PBXFileReference; fileEncoding = 4; lastKnownFileType = sourcecode.c.objc; path = ZFKeyboardViewController.m; sourceTree = "<group>"; };
		54072ECA1EF0038600F42DC6 /* BaseChatTableViewCell.h */ = {isa = PBXFileReference; fileEncoding = 4; lastKnownFileType = sourcecode.c.h; path = BaseChatTableViewCell.h; sourceTree = "<group>"; };
		54072ECB1EF0038600F42DC6 /* BaseChatTableViewCell.m */ = {isa = PBXFileReference; fileEncoding = 4; lastKnownFileType = sourcecode.c.objc; path = BaseChatTableViewCell.m; sourceTree = "<group>"; };
		5460D3D71EEFCBC100448ED3 /* IMMessageKit.app */ = {isa = PBXFileReference; explicitFileType = wrapper.application; includeInIndex = 0; path = IMMessageKit.app; sourceTree = BUILT_PRODUCTS_DIR; };
		5460D3DB1EEFCBC100448ED3 /* main.m */ = {isa = PBXFileReference; lastKnownFileType = sourcecode.c.objc; path = main.m; sourceTree = "<group>"; };
		5460D3DD1EEFCBC100448ED3 /* AppDelegate.h */ = {isa = PBXFileReference; lastKnownFileType = sourcecode.c.h; path = AppDelegate.h; sourceTree = "<group>"; };
		5460D3DE1EEFCBC100448ED3 /* AppDelegate.m */ = {isa = PBXFileReference; lastKnownFileType = sourcecode.c.objc; path = AppDelegate.m; sourceTree = "<group>"; };
		5460D3E41EEFCBC100448ED3 /* Base */ = {isa = PBXFileReference; lastKnownFileType = file.storyboard; name = Base; path = Base.lproj/Main.storyboard; sourceTree = "<group>"; };
		5460D3E61EEFCBC100448ED3 /* Assets.xcassets */ = {isa = PBXFileReference; lastKnownFileType = folder.assetcatalog; path = Assets.xcassets; sourceTree = "<group>"; };
		5460D3E91EEFCBC100448ED3 /* Base */ = {isa = PBXFileReference; lastKnownFileType = file.storyboard; name = Base; path = Base.lproj/LaunchScreen.storyboard; sourceTree = "<group>"; };
		5460D3EB1EEFCBC100448ED3 /* Info.plist */ = {isa = PBXFileReference; lastKnownFileType = text.plist.xml; path = Info.plist; sourceTree = "<group>"; };
		5460D3F01EEFCBC100448ED3 /* IMMessageKitTests.xctest */ = {isa = PBXFileReference; explicitFileType = wrapper.cfbundle; includeInIndex = 0; path = IMMessageKitTests.xctest; sourceTree = BUILT_PRODUCTS_DIR; };
		5460D3F41EEFCBC100448ED3 /* IMMessageKitTests.m */ = {isa = PBXFileReference; lastKnownFileType = sourcecode.c.objc; path = IMMessageKitTests.m; sourceTree = "<group>"; };
		5460D3F61EEFCBC100448ED3 /* Info.plist */ = {isa = PBXFileReference; lastKnownFileType = text.plist.xml; path = Info.plist; sourceTree = "<group>"; };
		5460D3FB1EEFCBC100448ED3 /* IMMessageKitUITests.xctest */ = {isa = PBXFileReference; explicitFileType = wrapper.cfbundle; includeInIndex = 0; path = IMMessageKitUITests.xctest; sourceTree = BUILT_PRODUCTS_DIR; };
		5460D3FF1EEFCBC100448ED3 /* IMMessageKitUITests.m */ = {isa = PBXFileReference; lastKnownFileType = sourcecode.c.objc; path = IMMessageKitUITests.m; sourceTree = "<group>"; };
		5460D4011EEFCBC100448ED3 /* Info.plist */ = {isa = PBXFileReference; lastKnownFileType = text.plist.xml; path = Info.plist; sourceTree = "<group>"; };
		5460D4131EEFCCA800448ED3 /* TabbarViewController.h */ = {isa = PBXFileReference; fileEncoding = 4; lastKnownFileType = sourcecode.c.h; path = TabbarViewController.h; sourceTree = "<group>"; };
		5460D4141EEFCCA800448ED3 /* TabbarViewController.m */ = {isa = PBXFileReference; fileEncoding = 4; lastKnownFileType = sourcecode.c.objc; path = TabbarViewController.m; sourceTree = "<group>"; };
		5460D4161EEFCD1E00448ED3 /* BaseNavViewController.h */ = {isa = PBXFileReference; fileEncoding = 4; lastKnownFileType = sourcecode.c.h; path = BaseNavViewController.h; sourceTree = "<group>"; };
		5460D4171EEFCD1E00448ED3 /* BaseNavViewController.m */ = {isa = PBXFileReference; fileEncoding = 4; lastKnownFileType = sourcecode.c.objc; path = BaseNavViewController.m; sourceTree = "<group>"; };
		5460D41A1EEFCDE400448ED3 /* PrefixHeader.pch */ = {isa = PBXFileReference; fileEncoding = 4; lastKnownFileType = sourcecode.c.h; path = PrefixHeader.pch; sourceTree = "<group>"; };
		5460D41B1EEFCDF600448ED3 /* Constants.h */ = {isa = PBXFileReference; fileEncoding = 4; lastKnownFileType = sourcecode.c.h; path = Constants.h; sourceTree = "<group>"; };
		5460D4261EEFD25D00448ED3 /* ChatViewController.h */ = {isa = PBXFileReference; fileEncoding = 4; lastKnownFileType = sourcecode.c.h; path = ChatViewController.h; sourceTree = "<group>"; };
		5460D4271EEFD25D00448ED3 /* ChatViewController.m */ = {isa = PBXFileReference; fileEncoding = 4; lastKnownFileType = sourcecode.c.objc; path = ChatViewController.m; sourceTree = "<group>"; };
		5460D4281EEFD25D00448ED3 /* MessageListViewController.h */ = {isa = PBXFileReference; fileEncoding = 4; lastKnownFileType = sourcecode.c.h; path = MessageListViewController.h; sourceTree = "<group>"; };
		5460D4291EEFD25D00448ED3 /* MessageListViewController.m */ = {isa = PBXFileReference; fileEncoding = 4; lastKnownFileType = sourcecode.c.objc; path = MessageListViewController.m; sourceTree = "<group>"; };
		5460D42E1EEFD36E00448ED3 /* ConversationModel.h */ = {isa = PBXFileReference; fileEncoding = 4; lastKnownFileType = sourcecode.c.h; path = ConversationModel.h; sourceTree = "<group>"; };
		5460D42F1EEFD36E00448ED3 /* ConversationModel.m */ = {isa = PBXFileReference; fileEncoding = 4; lastKnownFileType = sourcecode.c.objc; path = ConversationModel.m; sourceTree = "<group>"; };
		5460D4311EEFDA2200448ED3 /* ConversationTableViewCell.h */ = {isa = PBXFileReference; fileEncoding = 4; lastKnownFileType = sourcecode.c.h; path = ConversationTableViewCell.h; sourceTree = "<group>"; };
		5460D4321EEFDA2200448ED3 /* ConversationTableViewCell.m */ = {isa = PBXFileReference; fileEncoding = 4; lastKnownFileType = sourcecode.c.objc; path = ConversationTableViewCell.m; sourceTree = "<group>"; };
		5460D4341EEFDC3200448ED3 /* XZBaseTableViewCell.h */ = {isa = PBXFileReference; fileEncoding = 4; lastKnownFileType = sourcecode.c.h; path = XZBaseTableViewCell.h; sourceTree = "<group>"; };
		5460D4351EEFDC3200448ED3 /* XZBaseTableViewCell.m */ = {isa = PBXFileReference; fileEncoding = 4; lastKnownFileType = sourcecode.c.objc; path = XZBaseTableViewCell.m; sourceTree = "<group>"; };
		5460D4381EEFDCEF00448ED3 /* UIView+Extension.h */ = {isa = PBXFileReference; fileEncoding = 4; lastKnownFileType = sourcecode.c.h; path = "UIView+Extension.h"; sourceTree = "<group>"; };
		5460D4391EEFDCEF00448ED3 /* UIView+Extension.m */ = {isa = PBXFileReference; fileEncoding = 4; lastKnownFileType = sourcecode.c.objc; path = "UIView+Extension.m"; sourceTree = "<group>"; };
		5460D43B1EEFE2AC00448ED3 /* mayun.jpg */ = {isa = PBXFileReference; lastKnownFileType = image.jpeg; path = mayun.jpg; sourceTree = "<group>"; };
		5460D43D1EEFE99200448ED3 /* MessageModel.h */ = {isa = PBXFileReference; fileEncoding = 4; lastKnownFileType = sourcecode.c.h; path = MessageModel.h; sourceTree = "<group>"; };
		5460D43E1EEFE99200448ED3 /* MessageModel.m */ = {isa = PBXFileReference; fileEncoding = 4; lastKnownFileType = sourcecode.c.objc; path = MessageModel.m; sourceTree = "<group>"; };
		5460D4401EEFE9FB00448ED3 /* MessageItem.h */ = {isa = PBXFileReference; fileEncoding = 4; lastKnownFileType = sourcecode.c.h; path = MessageItem.h; sourceTree = "<group>"; };
		5460D4411EEFE9FB00448ED3 /* MessageItem.m */ = {isa = PBXFileReference; fileEncoding = 4; lastKnownFileType = sourcecode.c.objc; path = MessageItem.m; sourceTree = "<group>"; };
		7C7BEC3E6FCF57593C408BA9 /* Pods-IMMessageKit.release.xcconfig */ = {isa = PBXFileReference; includeInIndex = 1; lastKnownFileType = text.xcconfig; name = "Pods-IMMessageKit.release.xcconfig"; path = "Pods/Target Support Files/Pods-IMMessageKit/Pods-IMMessageKit.release.xcconfig"; sourceTree = "<group>"; };
		8BEDD995E8BE1694C71C7AF7 /* libPods-IMMessageKit.a */ = {isa = PBXFileReference; explicitFileType = archive.ar; includeInIndex = 0; path = "libPods-IMMessageKit.a"; sourceTree = BUILT_PRODUCTS_DIR; };
		AA87795B6A4D08790FCC9F1D /* libPods-IMMessageKitUITests.a */ = {isa = PBXFileReference; explicitFileType = archive.ar; includeInIndex = 0; path = "libPods-IMMessageKitUITests.a"; sourceTree = BUILT_PRODUCTS_DIR; };
		C66F599CB7A548307009FE1A /* Pods-IMMessageKitTests.debug.xcconfig */ = {isa = PBXFileReference; includeInIndex = 1; lastKnownFileType = text.xcconfig; name = "Pods-IMMessageKitTests.debug.xcconfig"; path = "Pods/Target Support Files/Pods-IMMessageKitTests/Pods-IMMessageKitTests.debug.xcconfig"; sourceTree = "<group>"; };
		D5E457A0E38626E49891264F /* libPods-IMMessageKitTests.a */ = {isa = PBXFileReference; explicitFileType = archive.ar; includeInIndex = 0; path = "libPods-IMMessageKitTests.a"; sourceTree = BUILT_PRODUCTS_DIR; };
/* End PBXFileReference section */

/* Begin PBXFrameworksBuildPhase section */
		5460D3D41EEFCBC100448ED3 /* Frameworks */ = {
			isa = PBXFrameworksBuildPhase;
			buildActionMask = 2147483647;
			files = (
				6D6C8C7522E2321BEEEB15CD /* libPods-IMMessageKit.a in Frameworks */,
			);
			runOnlyForDeploymentPostprocessing = 0;
		};
		5460D3ED1EEFCBC100448ED3 /* Frameworks */ = {
			isa = PBXFrameworksBuildPhase;
			buildActionMask = 2147483647;
			files = (
				16434D58573A4E9E9451F2B5 /* libPods-IMMessageKitTests.a in Frameworks */,
			);
			runOnlyForDeploymentPostprocessing = 0;
		};
		5460D3F81EEFCBC100448ED3 /* Frameworks */ = {
			isa = PBXFrameworksBuildPhase;
			buildActionMask = 2147483647;
			files = (
				20FB1BDD2D192D75DFC9F5AF /* libPods-IMMessageKitUITests.a in Frameworks */,
			);
			runOnlyForDeploymentPostprocessing = 0;
		};
/* End PBXFrameworksBuildPhase section */

/* Begin PBXGroup section */
		35B30F01E1A7A8A4D0DFDBCA /* Frameworks */ = {
			isa = PBXGroup;
			children = (
				8BEDD995E8BE1694C71C7AF7 /* libPods-IMMessageKit.a */,
				D5E457A0E38626E49891264F /* libPods-IMMessageKitTests.a */,
				AA87795B6A4D08790FCC9F1D /* libPods-IMMessageKitUITests.a */,
			);
			name = Frameworks;
			sourceTree = "<group>";
		};
		54064A411EF262A600181C78 /* FaceView */ = {
			isa = PBXGroup;
			children = (
				54064A421EF262A600181C78 /* LXChatBoxFaceView.h */,
				54064A431EF262A600181C78 /* LXChatBoxFaceView.m */,
				54064A4F1EF2631C00181C78 /* LXChatBoxMenuView.h */,
				54064A501EF2631C00181C78 /* LXChatBoxMenuView.m */,
				54064A5E1EF263E300181C78 /* LXEmotionMenuButton.h */,
				54064A5F1EF263E300181C78 /* LXEmotionMenuButton.m */,
				54064A4C1EF2630500181C78 /* LXEmotionListView.h */,
				54064A4D1EF2630500181C78 /* LXEmotionListView.m */,
				54064A551EF2636A00181C78 /* LXEmotionPageView.h */,
				54064A561EF2636A00181C78 /* LXEmotionPageView.m */,
				54064A581EF2638B00181C78 /* LXEmotion.h */,
				54064A591EF2638B00181C78 /* LXEmotion.m */,
				54064A5B1EF263A700181C78 /* LXEmotionButton.h */,
				54064A5C1EF263A700181C78 /* LXEmotionButton.m */,
				54064A6A1EF2666B00181C78 /* LXEmotionManager.h */,
				54064A6B1EF2666B00181C78 /* LXEmotionManager.m */,
			);
			path = FaceView;
			sourceTree = "<group>";
		};
		54064A441EF262A600181C78 /* MoreView */ = {
			isa = PBXGroup;
			children = (
				54064A451EF262A600181C78 /* LXChatBoxMoreView.h */,
				54064A461EF262A600181C78 /* LXChatBoxMoreView.m */,
				54064A471EF262A600181C78 /* LXChatBoxMoreViewItem.h */,
				54064A481EF262A600181C78 /* LXChatBoxMoreViewItem.m */,
			);
			path = MoreView;
			sourceTree = "<group>";
		};
		54064A6D1EF2676C00181C78 /* Source */ = {
			isa = PBXGroup;
			children = (
				54064A6E1EF2676C00181C78 /* emoji.plist */,
				54064A6F1EF2676C00181C78 /* normal_face.plist */,
			);
			path = Source;
			sourceTree = "<group>";
		};
		5460D3CE1EEFCBC100448ED3 = {
			isa = PBXGroup;
			children = (
				5460D3D91EEFCBC100448ED3 /* IMMessageKit */,
				5460D3F31EEFCBC100448ED3 /* IMMessageKitTests */,
				5460D3FE1EEFCBC100448ED3 /* IMMessageKitUITests */,
				5460D3D81EEFCBC100448ED3 /* Products */,
				ECB5850484CA7EE0B969450C /* Pods */,
				35B30F01E1A7A8A4D0DFDBCA /* Frameworks */,
			);
			sourceTree = "<group>";
		};
		5460D3D81EEFCBC100448ED3 /* Products */ = {
			isa = PBXGroup;
			children = (
				5460D3D71EEFCBC100448ED3 /* IMMessageKit.app */,
				5460D3F01EEFCBC100448ED3 /* IMMessageKitTests.xctest */,
				5460D3FB1EEFCBC100448ED3 /* IMMessageKitUITests.xctest */,
			);
			name = Products;
			sourceTree = "<group>";
		};
		5460D3D91EEFCBC100448ED3 /* IMMessageKit */ = {
			isa = PBXGroup;
			children = (
				5460D41C1EEFD0D300448ED3 /* Class */,
				5460D3DD1EEFCBC100448ED3 /* AppDelegate.h */,
				5460D3DE1EEFCBC100448ED3 /* AppDelegate.m */,
				5460D4131EEFCCA800448ED3 /* TabbarViewController.h */,
				5460D4141EEFCCA800448ED3 /* TabbarViewController.m */,
				5460D4161EEFCD1E00448ED3 /* BaseNavViewController.h */,
				5460D4171EEFCD1E00448ED3 /* BaseNavViewController.m */,
				5460D41A1EEFCDE400448ED3 /* PrefixHeader.pch */,
				5460D41B1EEFCDF600448ED3 /* Constants.h */,
				5460D3E31EEFCBC100448ED3 /* Main.storyboard */,
				5460D3E61EEFCBC100448ED3 /* Assets.xcassets */,
				5460D3E81EEFCBC100448ED3 /* LaunchScreen.storyboard */,
				5460D3EB1EEFCBC100448ED3 /* Info.plist */,
				5460D3DA1EEFCBC100448ED3 /* Supporting Files */,
			);
			path = IMMessageKit;
			sourceTree = "<group>";
		};
		5460D3DA1EEFCBC100448ED3 /* Supporting Files */ = {
			isa = PBXGroup;
			children = (
				5460D3DB1EEFCBC100448ED3 /* main.m */,
			);
			name = "Supporting Files";
			sourceTree = "<group>";
		};
		5460D3F31EEFCBC100448ED3 /* IMMessageKitTests */ = {
			isa = PBXGroup;
			children = (
				5460D3F41EEFCBC100448ED3 /* IMMessageKitTests.m */,
				5460D3F61EEFCBC100448ED3 /* Info.plist */,
			);
			path = IMMessageKitTests;
			sourceTree = "<group>";
		};
		5460D3FE1EEFCBC100448ED3 /* IMMessageKitUITests */ = {
			isa = PBXGroup;
			children = (
				5460D3FF1EEFCBC100448ED3 /* IMMessageKitUITests.m */,
				5460D4011EEFCBC100448ED3 /* Info.plist */,
			);
			path = IMMessageKitUITests;
			sourceTree = "<group>";
		};
		5460D41C1EEFD0D300448ED3 /* Class */ = {
			isa = PBXGroup;
			children = (
				5460D4371EEFDCE200448ED3 /* Help */,
				5460D41D1EEFD0D300448ED3 /* ChatKeyboard */,
				5460D41E1EEFD0D300448ED3 /* ChatKit */,
			);
			path = Class;
			sourceTree = "<group>";
		};
		5460D41D1EEFD0D300448ED3 /* ChatKeyboard */ = {
			isa = PBXGroup;
			children = (
				54064A6D1EF2676C00181C78 /* Source */,
				54064A411EF262A600181C78 /* FaceView */,
				54064A441EF262A600181C78 /* MoreView */,
				54064A381EF1502C00181C78 /* ZFKeyboardInputView.h */,
				54064A391EF1502C00181C78 /* ZFKeyboardInputView.m */,
				54064A721EF2794900181C78 /* ZFKeyboardViewController.h */,
				54064A731EF2794900181C78 /* ZFKeyboardViewController.m */,
			);
			path = ChatKeyboard;
			sourceTree = "<group>";
		};
		5460D41E1EEFD0D300448ED3 /* ChatKit */ = {
			isa = PBXGroup;
			children = (
				5460D4251EEFD25D00448ED3 /* Controller */,
				5460D42A1EEFD25D00448ED3 /* Model */,
				5460D42B1EEFD25D00448ED3 /* View */,
			);
			path = ChatKit;
			sourceTree = "<group>";
		};
		5460D4251EEFD25D00448ED3 /* Controller */ = {
			isa = PBXGroup;
			children = (
				5460D4261EEFD25D00448ED3 /* ChatViewController.h */,
				5460D4271EEFD25D00448ED3 /* ChatViewController.m */,
				5460D4281EEFD25D00448ED3 /* MessageListViewController.h */,
				5460D4291EEFD25D00448ED3 /* MessageListViewController.m */,
			);
			path = Controller;
			sourceTree = "<group>";
		};
		5460D42A1EEFD25D00448ED3 /* Model */ = {
			isa = PBXGroup;
			children = (
				5460D42E1EEFD36E00448ED3 /* ConversationModel.h */,
				5460D42F1EEFD36E00448ED3 /* ConversationModel.m */,
				5460D43D1EEFE99200448ED3 /* MessageModel.h */,
				5460D43E1EEFE99200448ED3 /* MessageModel.m */,
				5460D4401EEFE9FB00448ED3 /* MessageItem.h */,
				5460D4411EEFE9FB00448ED3 /* MessageItem.m */,
			);
			path = Model;
			sourceTree = "<group>";
		};
		5460D42B1EEFD25D00448ED3 /* View */ = {
			isa = PBXGroup;
			children = (
				5460D4341EEFDC3200448ED3 /* XZBaseTableViewCell.h */,
				5460D4351EEFDC3200448ED3 /* XZBaseTableViewCell.m */,
				5460D4311EEFDA2200448ED3 /* ConversationTableViewCell.h */,
				5460D4321EEFDA2200448ED3 /* ConversationTableViewCell.m */,
				54072ECA1EF0038600F42DC6 /* BaseChatTableViewCell.h */,
				54072ECB1EF0038600F42DC6 /* BaseChatTableViewCell.m */,
				540649B11EF00F8C00181C78 /* ChatTextCell.h */,
				540649B21EF00F8C00181C78 /* ChatTextCell.m */,
				540649B41EF0126700181C78 /* ChatPhotoCell.h */,
				540649B51EF0126700181C78 /* ChatPhotoCell.m */,
				540649F11EF0E91A00181C78 /* ChatVoiceCell.h */,
				540649F21EF0E91A00181C78 /* ChatVoiceCell.m */,
			);
			path = View;
			sourceTree = "<group>";
		};
		5460D4371EEFDCE200448ED3 /* Help */ = {
			isa = PBXGroup;
			children = (
				54064A611EF2642A00181C78 /* NSString+Extension.h */,
				54064A621EF2642A00181C78 /* NSString+Extension.m */,
				54064A631EF2642A00181C78 /* UIImage+Extension.h */,
				54064A641EF2642A00181C78 /* UIImage+Extension.m */,
				5460D43B1EEFE2AC00448ED3 /* mayun.jpg */,
				5460D4381EEFDCEF00448ED3 /* UIView+Extension.h */,
				5460D4391EEFDCEF00448ED3 /* UIView+Extension.m */,
				540649EE1EF0DA2C00181C78 /* IMMessageAnalysis.h */,
				540649EF1EF0DA2C00181C78 /* IMMessageAnalysis.m */,
				54064A181EF12E8100181C78 /* ChatConst.h */,
				54064A671EF2653F00181C78 /* LXChatBoxConst.h */,
				54064A681EF2653F00181C78 /* LXChatBoxConst.m */,
			);
			path = Help;
			sourceTree = "<group>";
		};
		ECB5850484CA7EE0B969450C /* Pods */ = {
			isa = PBXGroup;
			children = (
				152DDF35D32EF675908CDD26 /* Pods-IMMessageKit.debug.xcconfig */,
				7C7BEC3E6FCF57593C408BA9 /* Pods-IMMessageKit.release.xcconfig */,
				C66F599CB7A548307009FE1A /* Pods-IMMessageKitTests.debug.xcconfig */,
				2B7EE3820940C0DA65C3BD81 /* Pods-IMMessageKitTests.release.xcconfig */,
				4C266AD571ACEE00E94CD459 /* Pods-IMMessageKitUITests.debug.xcconfig */,
				4CF32BB94A82A2DE13B2A6D0 /* Pods-IMMessageKitUITests.release.xcconfig */,
			);
			name = Pods;
			sourceTree = "<group>";
		};
/* End PBXGroup section */

/* Begin PBXNativeTarget section */
		5460D3D61EEFCBC100448ED3 /* IMMessageKit */ = {
			isa = PBXNativeTarget;
			buildConfigurationList = 5460D4041EEFCBC100448ED3 /* Build configuration list for PBXNativeTarget "IMMessageKit" */;
			buildPhases = (
				30458A72C18A1848FD5C2693 /* [CP] Check Pods Manifest.lock */,
				5460D3D31EEFCBC100448ED3 /* Sources */,
				5460D3D41EEFCBC100448ED3 /* Frameworks */,
				5460D3D51EEFCBC100448ED3 /* Resources */,
				AFDD0FA6BBB793B07FD2AD72 /* [CP] Embed Pods Frameworks */,
				482F9645007EF4CF7AA55436 /* [CP] Copy Pods Resources */,
			);
			buildRules = (
			);
			dependencies = (
			);
			name = IMMessageKit;
			productName = IMMessageKit;
			productReference = 5460D3D71EEFCBC100448ED3 /* IMMessageKit.app */;
			productType = "com.apple.product-type.application";
		};
		5460D3EF1EEFCBC100448ED3 /* IMMessageKitTests */ = {
			isa = PBXNativeTarget;
			buildConfigurationList = 5460D4071EEFCBC100448ED3 /* Build configuration list for PBXNativeTarget "IMMessageKitTests" */;
			buildPhases = (
				A9A609792C52C08B2C2FC52F /* [CP] Check Pods Manifest.lock */,
				5460D3EC1EEFCBC100448ED3 /* Sources */,
				5460D3ED1EEFCBC100448ED3 /* Frameworks */,
				5460D3EE1EEFCBC100448ED3 /* Resources */,
				0B6DCA84D571E5BE4CD9DEB3 /* [CP] Embed Pods Frameworks */,
				DADADC5B031AAFE39117178C /* [CP] Copy Pods Resources */,
			);
			buildRules = (
			);
			dependencies = (
				5460D3F21EEFCBC100448ED3 /* PBXTargetDependency */,
			);
			name = IMMessageKitTests;
			productName = IMMessageKitTests;
			productReference = 5460D3F01EEFCBC100448ED3 /* IMMessageKitTests.xctest */;
			productType = "com.apple.product-type.bundle.unit-test";
		};
		5460D3FA1EEFCBC100448ED3 /* IMMessageKitUITests */ = {
			isa = PBXNativeTarget;
			buildConfigurationList = 5460D40A1EEFCBC100448ED3 /* Build configuration list for PBXNativeTarget "IMMessageKitUITests" */;
			buildPhases = (
				8D59B2A9CC0BB3E07FBA8D81 /* [CP] Check Pods Manifest.lock */,
				5460D3F71EEFCBC100448ED3 /* Sources */,
				5460D3F81EEFCBC100448ED3 /* Frameworks */,
				5460D3F91EEFCBC100448ED3 /* Resources */,
				9EFF6CC5C424D059E432A7E4 /* [CP] Embed Pods Frameworks */,
				CA8FDE147333F748879EEAE7 /* [CP] Copy Pods Resources */,
			);
			buildRules = (
			);
			dependencies = (
				5460D3FD1EEFCBC100448ED3 /* PBXTargetDependency */,
			);
			name = IMMessageKitUITests;
			productName = IMMessageKitUITests;
			productReference = 5460D3FB1EEFCBC100448ED3 /* IMMessageKitUITests.xctest */;
			productType = "com.apple.product-type.bundle.ui-testing";
		};
/* End PBXNativeTarget section */

/* Begin PBXProject section */
		5460D3CF1EEFCBC100448ED3 /* Project object */ = {
			isa = PBXProject;
			attributes = {
				LastUpgradeCheck = 0830;
				ORGANIZATIONNAME = lzf;
				TargetAttributes = {
					5460D3D61EEFCBC100448ED3 = {
						CreatedOnToolsVersion = 8.3.1;
						ProvisioningStyle = Automatic;
					};
					5460D3EF1EEFCBC100448ED3 = {
						CreatedOnToolsVersion = 8.3.1;
						ProvisioningStyle = Automatic;
						TestTargetID = 5460D3D61EEFCBC100448ED3;
					};
					5460D3FA1EEFCBC100448ED3 = {
						CreatedOnToolsVersion = 8.3.1;
						ProvisioningStyle = Automatic;
						TestTargetID = 5460D3D61EEFCBC100448ED3;
					};
				};
			};
			buildConfigurationList = 5460D3D21EEFCBC100448ED3 /* Build configuration list for PBXProject "IMMessageKit" */;
			compatibilityVersion = "Xcode 3.2";
			developmentRegion = English;
			hasScannedForEncodings = 0;
			knownRegions = (
				en,
				Base,
			);
			mainGroup = 5460D3CE1EEFCBC100448ED3;
			productRefGroup = 5460D3D81EEFCBC100448ED3 /* Products */;
			projectDirPath = "";
			projectRoot = "";
			targets = (
				5460D3D61EEFCBC100448ED3 /* IMMessageKit */,
				5460D3EF1EEFCBC100448ED3 /* IMMessageKitTests */,
				5460D3FA1EEFCBC100448ED3 /* IMMessageKitUITests */,
			);
		};
/* End PBXProject section */

/* Begin PBXResourcesBuildPhase section */
		5460D3D51EEFCBC100448ED3 /* Resources */ = {
			isa = PBXResourcesBuildPhase;
			buildActionMask = 2147483647;
			files = (
				5460D3EA1EEFCBC100448ED3 /* LaunchScreen.storyboard in Resources */,
				5460D3E71EEFCBC100448ED3 /* Assets.xcassets in Resources */,
				5460D43C1EEFE2AC00448ED3 /* mayun.jpg in Resources */,
				5460D3E51EEFCBC100448ED3 /* Main.storyboard in Resources */,
				54064A711EF2676C00181C78 /* normal_face.plist in Resources */,
				54064A701EF2676C00181C78 /* emoji.plist in Resources */,
			);
			runOnlyForDeploymentPostprocessing = 0;
		};
		5460D3EE1EEFCBC100448ED3 /* Resources */ = {
			isa = PBXResourcesBuildPhase;
			buildActionMask = 2147483647;
			files = (
			);
			runOnlyForDeploymentPostprocessing = 0;
		};
		5460D3F91EEFCBC100448ED3 /* Resources */ = {
			isa = PBXResourcesBuildPhase;
			buildActionMask = 2147483647;
			files = (
			);
			runOnlyForDeploymentPostprocessing = 0;
		};
/* End PBXResourcesBuildPhase section */

/* Begin PBXShellScriptBuildPhase section */
		0B6DCA84D571E5BE4CD9DEB3 /* [CP] Embed Pods Frameworks */ = {
			isa = PBXShellScriptBuildPhase;
			buildActionMask = 2147483647;
			files = (
			);
			inputPaths = (
			);
			name = "[CP] Embed Pods Frameworks";
			outputPaths = (
			);
			runOnlyForDeploymentPostprocessing = 0;
			shellPath = /bin/sh;
			shellScript = "\"${SRCROOT}/Pods/Target Support Files/Pods-IMMessageKitTests/Pods-IMMessageKitTests-frameworks.sh\"\n";
			showEnvVarsInLog = 0;
		};
		30458A72C18A1848FD5C2693 /* [CP] Check Pods Manifest.lock */ = {
			isa = PBXShellScriptBuildPhase;
			buildActionMask = 2147483647;
			files = (
			);
			inputPaths = (
			);
			name = "[CP] Check Pods Manifest.lock";
			outputPaths = (
			);
			runOnlyForDeploymentPostprocessing = 0;
			shellPath = /bin/sh;
			shellScript = "diff \"${PODS_PODFILE_DIR_PATH}/Podfile.lock\" \"${PODS_ROOT}/Manifest.lock\" > /dev/null\nif [ $? != 0 ] ; then\n    # print error to STDERR\n    echo \"error: The sandbox is not in sync with the Podfile.lock. Run 'pod install' or update your CocoaPods installation.\" >&2\n    exit 1\nfi\n";
			showEnvVarsInLog = 0;
		};
		482F9645007EF4CF7AA55436 /* [CP] Copy Pods Resources */ = {
			isa = PBXShellScriptBuildPhase;
			buildActionMask = 2147483647;
			files = (
			);
			inputPaths = (
			);
			name = "[CP] Copy Pods Resources";
			outputPaths = (
			);
			runOnlyForDeploymentPostprocessing = 0;
			shellPath = /bin/sh;
			shellScript = "\"${SRCROOT}/Pods/Target Support Files/Pods-IMMessageKit/Pods-IMMessageKit-resources.sh\"\n";
			showEnvVarsInLog = 0;
		};
		8D59B2A9CC0BB3E07FBA8D81 /* [CP] Check Pods Manifest.lock */ = {
			isa = PBXShellScriptBuildPhase;
			buildActionMask = 2147483647;
			files = (
			);
			inputPaths = (
			);
			name = "[CP] Check Pods Manifest.lock";
			outputPaths = (
			);
			runOnlyForDeploymentPostprocessing = 0;
			shellPath = /bin/sh;
			shellScript = "diff \"${PODS_PODFILE_DIR_PATH}/Podfile.lock\" \"${PODS_ROOT}/Manifest.lock\" > /dev/null\nif [ $? != 0 ] ; then\n    # print error to STDERR\n    echo \"error: The sandbox is not in sync with the Podfile.lock. Run 'pod install' or update your CocoaPods installation.\" >&2\n    exit 1\nfi\n";
			showEnvVarsInLog = 0;
		};
		9EFF6CC5C424D059E432A7E4 /* [CP] Embed Pods Frameworks */ = {
			isa = PBXShellScriptBuildPhase;
			buildActionMask = 2147483647;
			files = (
			);
			inputPaths = (
			);
			name = "[CP] Embed Pods Frameworks";
			outputPaths = (
			);
			runOnlyForDeploymentPostprocessing = 0;
			shellPath = /bin/sh;
			shellScript = "\"${SRCROOT}/Pods/Target Support Files/Pods-IMMessageKitUITests/Pods-IMMessageKitUITests-frameworks.sh\"\n";
			showEnvVarsInLog = 0;
		};
		A9A609792C52C08B2C2FC52F /* [CP] Check Pods Manifest.lock */ = {
			isa = PBXShellScriptBuildPhase;
			buildActionMask = 2147483647;
			files = (
			);
			inputPaths = (
			);
			name = "[CP] Check Pods Manifest.lock";
			outputPaths = (
			);
			runOnlyForDeploymentPostprocessing = 0;
			shellPath = /bin/sh;
			shellScript = "diff \"${PODS_PODFILE_DIR_PATH}/Podfile.lock\" \"${PODS_ROOT}/Manifest.lock\" > /dev/null\nif [ $? != 0 ] ; then\n    # print error to STDERR\n    echo \"error: The sandbox is not in sync with the Podfile.lock. Run 'pod install' or update your CocoaPods installation.\" >&2\n    exit 1\nfi\n";
			showEnvVarsInLog = 0;
		};
		AFDD0FA6BBB793B07FD2AD72 /* [CP] Embed Pods Frameworks */ = {
			isa = PBXShellScriptBuildPhase;
			buildActionMask = 2147483647;
			files = (
			);
			inputPaths = (
			);
			name = "[CP] Embed Pods Frameworks";
			outputPaths = (
			);
			runOnlyForDeploymentPostprocessing = 0;
			shellPath = /bin/sh;
			shellScript = "\"${SRCROOT}/Pods/Target Support Files/Pods-IMMessageKit/Pods-IMMessageKit-frameworks.sh\"\n";
			showEnvVarsInLog = 0;
		};
		CA8FDE147333F748879EEAE7 /* [CP] Copy Pods Resources */ = {
			isa = PBXShellScriptBuildPhase;
			buildActionMask = 2147483647;
			files = (
			);
			inputPaths = (
			);
			name = "[CP] Copy Pods Resources";
			outputPaths = (
			);
			runOnlyForDeploymentPostprocessing = 0;
			shellPath = /bin/sh;
			shellScript = "\"${SRCROOT}/Pods/Target Support Files/Pods-IMMessageKitUITests/Pods-IMMessageKitUITests-resources.sh\"\n";
			showEnvVarsInLog = 0;
		};
		DADADC5B031AAFE39117178C /* [CP] Copy Pods Resources */ = {
			isa = PBXShellScriptBuildPhase;
			buildActionMask = 2147483647;
			files = (
			);
			inputPaths = (
			);
			name = "[CP] Copy Pods Resources";
			outputPaths = (
			);
			runOnlyForDeploymentPostprocessing = 0;
			shellPath = /bin/sh;
			shellScript = "\"${SRCROOT}/Pods/Target Support Files/Pods-IMMessageKitTests/Pods-IMMessageKitTests-resources.sh\"\n";
			showEnvVarsInLog = 0;
		};
/* End PBXShellScriptBuildPhase section */

/* Begin PBXSourcesBuildPhase section */
		5460D3D31EEFCBC100448ED3 /* Sources */ = {
			isa = PBXSourcesBuildPhase;
			buildActionMask = 2147483647;
			files = (
				540649B61EF0126700181C78 /* ChatPhotoCell.m in Sources */,
				5460D4421EEFE9FB00448ED3 /* MessageItem.m in Sources */,
				54064A571EF2636A00181C78 /* LXEmotionPageView.m in Sources */,
				5460D43A1EEFDCEF00448ED3 /* UIView+Extension.m in Sources */,
				54064A601EF263E300181C78 /* LXEmotionMenuButton.m in Sources */,
				54064A741EF2794900181C78 /* ZFKeyboardViewController.m in Sources */,
				54064A511EF2631C00181C78 /* LXChatBoxMenuView.m in Sources */,
				5460D4151EEFCCA800448ED3 /* TabbarViewController.m in Sources */,
				5460D4361EEFDC3200448ED3 /* XZBaseTableViewCell.m in Sources */,
				540649B31EF00F8C00181C78 /* ChatTextCell.m in Sources */,
				54064A6C1EF2666B00181C78 /* LXEmotionManager.m in Sources */,
				54064A4E1EF2630500181C78 /* LXEmotionListView.m in Sources */,
				54064A651EF2642A00181C78 /* NSString+Extension.m in Sources */,
				54072ECC1EF0038600F42DC6 /* BaseChatTableViewCell.m in Sources */,
				5460D3DF1EEFCBC100448ED3 /* AppDelegate.m in Sources */,
				54064A3A1EF1502C00181C78 /* ZFKeyboardInputView.m in Sources */,
				5460D3DC1EEFCBC100448ED3 /* main.m in Sources */,
				54064A661EF2642A00181C78 /* UIImage+Extension.m in Sources */,
				5460D42C1EEFD25D00448ED3 /* ChatViewController.m in Sources */,
				54064A691EF2653F00181C78 /* LXChatBoxConst.m in Sources */,
				54064A5D1EF263A700181C78 /* LXEmotionButton.m in Sources */,
				54064A491EF262A600181C78 /* LXChatBoxFaceView.m in Sources */,
				5460D4331EEFDA2200448ED3 /* ConversationTableViewCell.m in Sources */,
				540649F31EF0E91A00181C78 /* ChatVoiceCell.m in Sources */,
				5460D42D1EEFD25D00448ED3 /* MessageListViewController.m in Sources */,
				5460D4181EEFCD1E00448ED3 /* BaseNavViewController.m in Sources */,
				540649F01EF0DA2C00181C78 /* IMMessageAnalysis.m in Sources */,
				54064A4B1EF262A600181C78 /* LXChatBoxMoreViewItem.m in Sources */,
				54064A4A1EF262A600181C78 /* LXChatBoxMoreView.m in Sources */,
				5460D4301EEFD36E00448ED3 /* ConversationModel.m in Sources */,
				54064A5A1EF2638B00181C78 /* LXEmotion.m in Sources */,
				5460D43F1EEFE99200448ED3 /* MessageModel.m in Sources */,
			);
			runOnlyForDeploymentPostprocessing = 0;
		};
		5460D3EC1EEFCBC100448ED3 /* Sources */ = {
			isa = PBXSourcesBuildPhase;
			buildActionMask = 2147483647;
			files = (
				5460D3F51EEFCBC100448ED3 /* IMMessageKitTests.m in Sources */,
			);
			runOnlyForDeploymentPostprocessing = 0;
		};
		5460D3F71EEFCBC100448ED3 /* Sources */ = {
			isa = PBXSourcesBuildPhase;
			buildActionMask = 2147483647;
			files = (
				5460D4001EEFCBC100448ED3 /* IMMessageKitUITests.m in Sources */,
			);
			runOnlyForDeploymentPostprocessing = 0;
		};
/* End PBXSourcesBuildPhase section */

/* Begin PBXTargetDependency section */
		5460D3F21EEFCBC100448ED3 /* PBXTargetDependency */ = {
			isa = PBXTargetDependency;
			target = 5460D3D61EEFCBC100448ED3 /* IMMessageKit */;
			targetProxy = 5460D3F11EEFCBC100448ED3 /* PBXContainerItemProxy */;
		};
		5460D3FD1EEFCBC100448ED3 /* PBXTargetDependency */ = {
			isa = PBXTargetDependency;
			target = 5460D3D61EEFCBC100448ED3 /* IMMessageKit */;
			targetProxy = 5460D3FC1EEFCBC100448ED3 /* PBXContainerItemProxy */;
		};
/* End PBXTargetDependency section */

/* Begin PBXVariantGroup section */
		5460D3E31EEFCBC100448ED3 /* Main.storyboard */ = {
			isa = PBXVariantGroup;
			children = (
				5460D3E41EEFCBC100448ED3 /* Base */,
			);
			name = Main.storyboard;
			sourceTree = "<group>";
		};
		5460D3E81EEFCBC100448ED3 /* LaunchScreen.storyboard */ = {
			isa = PBXVariantGroup;
			children = (
				5460D3E91EEFCBC100448ED3 /* Base */,
			);
			name = LaunchScreen.storyboard;
			sourceTree = "<group>";
		};
/* End PBXVariantGroup section */

/* Begin XCBuildConfiguration section */
		5460D4021EEFCBC100448ED3 /* Debug */ = {
			isa = XCBuildConfiguration;
			buildSettings = {
				ALWAYS_SEARCH_USER_PATHS = NO;
				CLANG_ANALYZER_NONNULL = YES;
				CLANG_ANALYZER_NUMBER_OBJECT_CONVERSION = YES_AGGRESSIVE;
				CLANG_CXX_LANGUAGE_STANDARD = "gnu++0x";
				CLANG_CXX_LIBRARY = "libc++";
				CLANG_ENABLE_MODULES = YES;
				CLANG_ENABLE_OBJC_ARC = YES;
				CLANG_WARN_BOOL_CONVERSION = YES;
				CLANG_WARN_CONSTANT_CONVERSION = YES;
				CLANG_WARN_DIRECT_OBJC_ISA_USAGE = YES_ERROR;
				CLANG_WARN_DOCUMENTATION_COMMENTS = YES;
				CLANG_WARN_EMPTY_BODY = YES;
				CLANG_WARN_ENUM_CONVERSION = YES;
				CLANG_WARN_INFINITE_RECURSION = YES;
				CLANG_WARN_INT_CONVERSION = YES;
				CLANG_WARN_OBJC_ROOT_CLASS = YES_ERROR;
				CLANG_WARN_SUSPICIOUS_MOVE = YES;
				CLANG_WARN_UNREACHABLE_CODE = YES;
				CLANG_WARN__DUPLICATE_METHOD_MATCH = YES;
				"CODE_SIGN_IDENTITY[sdk=iphoneos*]" = "iPhone Developer";
				COPY_PHASE_STRIP = NO;
				DEBUG_INFORMATION_FORMAT = dwarf;
				ENABLE_STRICT_OBJC_MSGSEND = YES;
				ENABLE_TESTABILITY = YES;
				GCC_C_LANGUAGE_STANDARD = gnu99;
				GCC_DYNAMIC_NO_PIC = NO;
				GCC_NO_COMMON_BLOCKS = YES;
				GCC_OPTIMIZATION_LEVEL = 0;
				GCC_PREPROCESSOR_DEFINITIONS = (
					"DEBUG=1",
					"$(inherited)",
				);
				GCC_WARN_64_TO_32_BIT_CONVERSION = YES;
				GCC_WARN_ABOUT_RETURN_TYPE = YES_ERROR;
				GCC_WARN_UNDECLARED_SELECTOR = YES;
				GCC_WARN_UNINITIALIZED_AUTOS = YES_AGGRESSIVE;
				GCC_WARN_UNUSED_FUNCTION = YES;
				GCC_WARN_UNUSED_VARIABLE = YES;
				IPHONEOS_DEPLOYMENT_TARGET = 10.3;
				MTL_ENABLE_DEBUG_INFO = YES;
				ONLY_ACTIVE_ARCH = YES;
				SDKROOT = iphoneos;
				TARGETED_DEVICE_FAMILY = "1,2";
			};
			name = Debug;
		};
		5460D4031EEFCBC100448ED3 /* Release */ = {
			isa = XCBuildConfiguration;
			buildSettings = {
				ALWAYS_SEARCH_USER_PATHS = NO;
				CLANG_ANALYZER_NONNULL = YES;
				CLANG_ANALYZER_NUMBER_OBJECT_CONVERSION = YES_AGGRESSIVE;
				CLANG_CXX_LANGUAGE_STANDARD = "gnu++0x";
				CLANG_CXX_LIBRARY = "libc++";
				CLANG_ENABLE_MODULES = YES;
				CLANG_ENABLE_OBJC_ARC = YES;
				CLANG_WARN_BOOL_CONVERSION = YES;
				CLANG_WARN_CONSTANT_CONVERSION = YES;
				CLANG_WARN_DIRECT_OBJC_ISA_USAGE = YES_ERROR;
				CLANG_WARN_DOCUMENTATION_COMMENTS = YES;
				CLANG_WARN_EMPTY_BODY = YES;
				CLANG_WARN_ENUM_CONVERSION = YES;
				CLANG_WARN_INFINITE_RECURSION = YES;
				CLANG_WARN_INT_CONVERSION = YES;
				CLANG_WARN_OBJC_ROOT_CLASS = YES_ERROR;
				CLANG_WARN_SUSPICIOUS_MOVE = YES;
				CLANG_WARN_UNREACHABLE_CODE = YES;
				CLANG_WARN__DUPLICATE_METHOD_MATCH = YES;
				"CODE_SIGN_IDENTITY[sdk=iphoneos*]" = "iPhone Developer";
				COPY_PHASE_STRIP = NO;
				DEBUG_INFORMATION_FORMAT = "dwarf-with-dsym";
				ENABLE_NS_ASSERTIONS = NO;
				ENABLE_STRICT_OBJC_MSGSEND = YES;
				GCC_C_LANGUAGE_STANDARD = gnu99;
				GCC_NO_COMMON_BLOCKS = YES;
				GCC_WARN_64_TO_32_BIT_CONVERSION = YES;
				GCC_WARN_ABOUT_RETURN_TYPE = YES_ERROR;
				GCC_WARN_UNDECLARED_SELECTOR = YES;
				GCC_WARN_UNINITIALIZED_AUTOS = YES_AGGRESSIVE;
				GCC_WARN_UNUSED_FUNCTION = YES;
				GCC_WARN_UNUSED_VARIABLE = YES;
				IPHONEOS_DEPLOYMENT_TARGET = 10.3;
				MTL_ENABLE_DEBUG_INFO = NO;
				SDKROOT = iphoneos;
				TARGETED_DEVICE_FAMILY = "1,2";
				VALIDATE_PRODUCT = YES;
			};
			name = Release;
		};
		5460D4051EEFCBC100448ED3 /* Debug */ = {
			isa = XCBuildConfiguration;
			baseConfigurationReference = 152DDF35D32EF675908CDD26 /* Pods-IMMessageKit.debug.xcconfig */;
			buildSettings = {
				ASSETCATALOG_COMPILER_APPICON_NAME = AppIcon;
				GCC_PREFIX_HEADER = /Users/zhanfeng/Desktop/IMMessageKit/IMMessageKit/PrefixHeader.pch;
				INFOPLIST_FILE = IMMessageKit/Info.plist;
				LD_RUNPATH_SEARCH_PATHS = "$(inherited) @executable_path/Frameworks";
				PRODUCT_BUNDLE_IDENTIFIER = com.lzf.IMMessageKit;
				PRODUCT_NAME = "$(TARGET_NAME)";
			};
			name = Debug;
		};
		5460D4061EEFCBC100448ED3 /* Release */ = {
			isa = XCBuildConfiguration;
			baseConfigurationReference = 7C7BEC3E6FCF57593C408BA9 /* Pods-IMMessageKit.release.xcconfig */;
			buildSettings = {
				ASSETCATALOG_COMPILER_APPICON_NAME = AppIcon;
				GCC_PREFIX_HEADER = /Users/zhanfeng/Desktop/IMMessageKit/IMMessageKit/PrefixHeader.pch;
				INFOPLIST_FILE = IMMessageKit/Info.plist;
				LD_RUNPATH_SEARCH_PATHS = "$(inherited) @executable_path/Frameworks";
				PRODUCT_BUNDLE_IDENTIFIER = com.lzf.IMMessageKit;
				PRODUCT_NAME = "$(TARGET_NAME)";
			};
			name = Release;
		};
		5460D4081EEFCBC100448ED3 /* Debug */ = {
			isa = XCBuildConfiguration;
			baseConfigurationReference = C66F599CB7A548307009FE1A /* Pods-IMMessageKitTests.debug.xcconfig */;
			buildSettings = {
				BUNDLE_LOADER = "$(TEST_HOST)";
				INFOPLIST_FILE = IMMessageKitTests/Info.plist;
				LD_RUNPATH_SEARCH_PATHS = "$(inherited) @executable_path/Frameworks @loader_path/Frameworks";
				PRODUCT_BUNDLE_IDENTIFIER = com.lzf.IMMessageKitTests;
				PRODUCT_NAME = "$(TARGET_NAME)";
				TEST_HOST = "$(BUILT_PRODUCTS_DIR)/IMMessageKit.app/IMMessageKit";
			};
			name = Debug;
		};
		5460D4091EEFCBC100448ED3 /* Release */ = {
			isa = XCBuildConfiguration;
			baseConfigurationReference = 2B7EE3820940C0DA65C3BD81 /* Pods-IMMessageKitTests.release.xcconfig */;
			buildSettings = {
				BUNDLE_LOADER = "$(TEST_HOST)";
				INFOPLIST_FILE = IMMessageKitTests/Info.plist;
				LD_RUNPATH_SEARCH_PATHS = "$(inherited) @executable_path/Frameworks @loader_path/Frameworks";
				PRODUCT_BUNDLE_IDENTIFIER = com.lzf.IMMessageKitTests;
				PRODUCT_NAME = "$(TARGET_NAME)";
				TEST_HOST = "$(BUILT_PRODUCTS_DIR)/IMMessageKit.app/IMMessageKit";
			};
			name = Release;
		};
		5460D40B1EEFCBC100448ED3 /* Debug */ = {
			isa = XCBuildConfiguration;
			baseConfigurationReference = 4C266AD571ACEE00E94CD459 /* Pods-IMMessageKitUITests.debug.xcconfig */;
			buildSettings = {
				INFOPLIST_FILE = IMMessageKitUITests/Info.plist;
				LD_RUNPATH_SEARCH_PATHS = "$(inherited) @executable_path/Frameworks @loader_path/Frameworks";
				PRODUCT_BUNDLE_IDENTIFIER = com.lzf.IMMessageKitUITests;
				PRODUCT_NAME = "$(TARGET_NAME)";
				TEST_TARGET_NAME = IMMessageKit;
			};
			name = Debug;
		};
		5460D40C1EEFCBC100448ED3 /* Release */ = {
			isa = XCBuildConfiguration;
			baseConfigurationReference = 4CF32BB94A82A2DE13B2A6D0 /* Pods-IMMessageKitUITests.release.xcconfig */;
			buildSettings = {
				INFOPLIST_FILE = IMMessageKitUITests/Info.plist;
				LD_RUNPATH_SEARCH_PATHS = "$(inherited) @executable_path/Frameworks @loader_path/Frameworks";
				PRODUCT_BUNDLE_IDENTIFIER = com.lzf.IMMessageKitUITests;
				PRODUCT_NAME = "$(TARGET_NAME)";
				TEST_TARGET_NAME = IMMessageKit;
			};
			name = Release;
		};
/* End XCBuildConfiguration section */

/* Begin XCConfigurationList section */
		5460D3D21EEFCBC100448ED3 /* Build configuration list for PBXProject "IMMessageKit" */ = {
			isa = XCConfigurationList;
			buildConfigurations = (
				5460D4021EEFCBC100448ED3 /* Debug */,
				5460D4031EEFCBC100448ED3 /* Release */,
			);
			defaultConfigurationIsVisible = 0;
			defaultConfigurationName = Release;
		};
		5460D4041EEFCBC100448ED3 /* Build configuration list for PBXNativeTarget "IMMessageKit" */ = {
			isa = XCConfigurationList;
			buildConfigurations = (
				5460D4051EEFCBC100448ED3 /* Debug */,
				5460D4061EEFCBC100448ED3 /* Release */,
			);
			defaultConfigurationIsVisible = 0;
			defaultConfigurationName = Release;
		};
		5460D4071EEFCBC100448ED3 /* Build configuration list for PBXNativeTarget "IMMessageKitTests" */ = {
			isa = XCConfigurationList;
			buildConfigurations = (
				5460D4081EEFCBC100448ED3 /* Debug */,
				5460D4091EEFCBC100448ED3 /* Release */,
			);
			defaultConfigurationIsVisible = 0;
			defaultConfigurationName = Release;
		};
		5460D40A1EEFCBC100448ED3 /* Build configuration list for PBXNativeTarget "IMMessageKitUITests" */ = {
			isa = XCConfigurationList;
			buildConfigurations = (
				5460D40B1EEFCBC100448ED3 /* Debug */,
				5460D40C1EEFCBC100448ED3 /* Release */,
			);
			defaultConfigurationIsVisible = 0;
			defaultConfigurationName = Release;
		};
/* End XCConfigurationList section */
	};
	rootObject = 5460D3CF1EEFCBC100448ED3 /* Project object */;
}
